
Microsoft Visual Studio Solution File, Format Version 12.00
# Visual Studio Version 17
VisualStudioVersion = 17.3.32819.101
MinimumVisualStudioVersion = 10.0.40219.1
Project("{FAE04EC0-301F-11D3-BF4B-00C04F79EFBC}") = "ConsoleApp17", "ConsoleApp17\ConsoleApp17.csproj", "{B45766AB-CE4B-4460-859C-1AF37DDB3625}"
EndProject
Global
	GlobalSection(SolutionConfigurationPlatforms) = preSolution
		Debug|Any CPU = Debug|Any CPU
		Release|Any CPU = Release|Any CPU
	EndGlobalSection
	GlobalSection(ProjectConfigurationPlatforms) = postSolution
		{B45766AB-CE4B-4460-859C-1AF37DDB3625}.Debug|Any CPU.ActiveCfg = Debug|Any CPU
		{B45766AB-CE4B-4460-859C-1AF37DDB3625}.Debug|Any CPU.Build.0 = Debug|Any CPU
		{B45766AB-CE4B-4460-859C-1AF37DDB3625}.Release|Any CPU.ActiveCfg = Release|Any CPU
		{B45766AB-CE4B-4460-859C-1AF37DDB3625}.Release|Any CPU.Build.0 = Release|Any CPU
	EndGlobalSection
	GlobalSection(SolutionProperties) = preSolution
		HideSolutionNode = FALSE
	EndGlobalSection
	GlobalSection(ExtensibilityGlobals) = postSolution
		SolutionGuid = {0ADAEECD-64B5-4978-9849-57A91A327746}
	EndGlobalSection
EndGlobal
