
Microsoft Visual Studio Solution File, Format Version 12.00
# Visual Studio Version 17
VisualStudioVersion = 17.3.32819.101
MinimumVisualStudioVersion = 10.0.40219.1
Project("{FAE04EC0-301F-11D3-BF4B-00C04F79EFBC}") = "ConsoleApp18", "ConsoleApp18\ConsoleApp18.csproj", "{A71095CB-DF7E-45DF-97F0-7540E13EFA8D}"
EndProject
Global
	GlobalSection(SolutionConfigurationPlatforms) = preSolution
		Debug|Any CPU = Debug|Any CPU
		Release|Any CPU = Release|Any CPU
	EndGlobalSection
	GlobalSection(ProjectConfigurationPlatforms) = postSolution
		{A71095CB-DF7E-45DF-97F0-7540E13EFA8D}.Debug|Any CPU.ActiveCfg = Debug|Any CPU
		{A71095CB-DF7E-45DF-97F0-7540E13EFA8D}.Debug|Any CPU.Build.0 = Debug|Any CPU
		{A71095CB-DF7E-45DF-97F0-7540E13EFA8D}.Release|Any CPU.ActiveCfg = Release|Any CPU
		{A71095CB-DF7E-45DF-97F0-7540E13EFA8D}.Release|Any CPU.Build.0 = Release|Any CPU
	EndGlobalSection
	GlobalSection(SolutionProperties) = preSolution
		HideSolutionNode = FALSE
	EndGlobalSection
	GlobalSection(ExtensibilityGlobals) = postSolution
		SolutionGuid = {61ECE6E5-4094-4F5C-9231-60F45405458B}
	EndGlobalSection
EndGlobal
