
Microsoft Visual Studio Solution File, Format Version 12.00
# Visual Studio Version 17
VisualStudioVersion = 17.3.32819.101
MinimumVisualStudioVersion = 10.0.40219.1
Project("{FAE04EC0-301F-11D3-BF4B-00C04F79EFBC}") = "Projekt1", "Projekt1\Projekt1.csproj", "{2BD175B4-1F53-455F-B64B-66A3CDB5D2CD}"
EndProject
Global
	GlobalSection(SolutionConfigurationPlatforms) = preSolution
		Debug|Any CPU = Debug|Any CPU
		Release|Any CPU = Release|Any CPU
	EndGlobalSection
	GlobalSection(ProjectConfigurationPlatforms) = postSolution
		{2BD175B4-1F53-455F-B64B-66A3CDB5D2CD}.Debug|Any CPU.ActiveCfg = Debug|Any CPU
		{2BD175B4-1F53-455F-B64B-66A3CDB5D2CD}.Debug|Any CPU.Build.0 = Debug|Any CPU
		{2BD175B4-1F53-455F-B64B-66A3CDB5D2CD}.Release|Any CPU.ActiveCfg = Release|Any CPU
		{2BD175B4-1F53-455F-B64B-66A3CDB5D2CD}.Release|Any CPU.Build.0 = Release|Any CPU
	EndGlobalSection
	GlobalSection(SolutionProperties) = preSolution
		HideSolutionNode = FALSE
	EndGlobalSection
	GlobalSection(ExtensibilityGlobals) = postSolution
		SolutionGuid = {BB3B36B2-DB02-4A8A-9F4D-93DBA6E1F8A9}
	EndGlobalSection
EndGlobal
