
Microsoft Visual Studio Solution File, Format Version 12.00
# Visual Studio Version 17
VisualStudioVersion = 17.3.32819.101
MinimumVisualStudioVersion = 10.0.40219.1
Project("{FAE04EC0-301F-11D3-BF4B-00C04F79EFBC}") = "ConsoleApp15", "ConsoleApp15\ConsoleApp15.csproj", "{45664A41-3BD2-4144-8722-8C34F1E6C9C0}"
EndProject
Global
	GlobalSection(SolutionConfigurationPlatforms) = preSolution
		Debug|Any CPU = Debug|Any CPU
		Release|Any CPU = Release|Any CPU
	EndGlobalSection
	GlobalSection(ProjectConfigurationPlatforms) = postSolution
		{45664A41-3BD2-4144-8722-8C34F1E6C9C0}.Debug|Any CPU.ActiveCfg = Debug|Any CPU
		{45664A41-3BD2-4144-8722-8C34F1E6C9C0}.Debug|Any CPU.Build.0 = Debug|Any CPU
		{45664A41-3BD2-4144-8722-8C34F1E6C9C0}.Release|Any CPU.ActiveCfg = Release|Any CPU
		{45664A41-3BD2-4144-8722-8C34F1E6C9C0}.Release|Any CPU.Build.0 = Release|Any CPU
	EndGlobalSection
	GlobalSection(SolutionProperties) = preSolution
		HideSolutionNode = FALSE
	EndGlobalSection
	GlobalSection(ExtensibilityGlobals) = postSolution
		SolutionGuid = {8CED2E68-D310-4BFA-92A6-2828ED48CFFE}
	EndGlobalSection
EndGlobal
