
Microsoft Visual Studio Solution File, Format Version 12.00
# Visual Studio Version 17
VisualStudioVersion = 17.3.32819.101
MinimumVisualStudioVersion = 10.0.40219.1
Project("{FAE04EC0-301F-11D3-BF4B-00C04F79EFBC}") = "ConsoleApp6", "ConsoleApp6\ConsoleApp6.csproj", "{FB4E4601-E664-4A04-813D-87C6FC3B8E7F}"
EndProject
Global
	GlobalSection(SolutionConfigurationPlatforms) = preSolution
		Debug|Any CPU = Debug|Any CPU
		Release|Any CPU = Release|Any CPU
	EndGlobalSection
	GlobalSection(ProjectConfigurationPlatforms) = postSolution
		{FB4E4601-E664-4A04-813D-87C6FC3B8E7F}.Debug|Any CPU.ActiveCfg = Debug|Any CPU
		{FB4E4601-E664-4A04-813D-87C6FC3B8E7F}.Debug|Any CPU.Build.0 = Debug|Any CPU
		{FB4E4601-E664-4A04-813D-87C6FC3B8E7F}.Release|Any CPU.ActiveCfg = Release|Any CPU
		{FB4E4601-E664-4A04-813D-87C6FC3B8E7F}.Release|Any CPU.Build.0 = Release|Any CPU
	EndGlobalSection
	GlobalSection(SolutionProperties) = preSolution
		HideSolutionNode = FALSE
	EndGlobalSection
	GlobalSection(ExtensibilityGlobals) = postSolution
		SolutionGuid = {B06F64AA-BFC7-4054-8E31-C3F050926D18}
	EndGlobalSection
EndGlobal
