
Microsoft Visual Studio Solution File, Format Version 12.00
# Visual Studio Version 17
VisualStudioVersion = 17.3.32819.101
MinimumVisualStudioVersion = 10.0.40219.1
Project("{FAE04EC0-301F-11D3-BF4B-00C04F79EFBC}") = "Codewars test", "Codewars test\Codewars test.csproj", "{292729FF-3179-4745-9C26-7A2B43F3271E}"
EndProject
Global
	GlobalSection(SolutionConfigurationPlatforms) = preSolution
		Debug|Any CPU = Debug|Any CPU
		Release|Any CPU = Release|Any CPU
	EndGlobalSection
	GlobalSection(ProjectConfigurationPlatforms) = postSolution
		{292729FF-3179-4745-9C26-7A2B43F3271E}.Debug|Any CPU.ActiveCfg = Debug|Any CPU
		{292729FF-3179-4745-9C26-7A2B43F3271E}.Debug|Any CPU.Build.0 = Debug|Any CPU
		{292729FF-3179-4745-9C26-7A2B43F3271E}.Release|Any CPU.ActiveCfg = Release|Any CPU
		{292729FF-3179-4745-9C26-7A2B43F3271E}.Release|Any CPU.Build.0 = Release|Any CPU
	EndGlobalSection
	GlobalSection(SolutionProperties) = preSolution
		HideSolutionNode = FALSE
	EndGlobalSection
	GlobalSection(ExtensibilityGlobals) = postSolution
		SolutionGuid = {0B0F36B3-D86E-4410-ABB8-4A8D95D7B681}
	EndGlobalSection
EndGlobal
