
Microsoft Visual Studio Solution File, Format Version 12.00
# Visual Studio Version 17
VisualStudioVersion = 17.3.32819.101
MinimumVisualStudioVersion = 10.0.40219.1
Project("{FAE04EC0-301F-11D3-BF4B-00C04F79EFBC}") = "ConsoleApp4", "ConsoleApp4\ConsoleApp4.csproj", "{C97407E2-3B63-4878-9DD2-CE1E9ABD8D6C}"
EndProject
Global
	GlobalSection(SolutionConfigurationPlatforms) = preSolution
		Debug|Any CPU = Debug|Any CPU
		Release|Any CPU = Release|Any CPU
	EndGlobalSection
	GlobalSection(ProjectConfigurationPlatforms) = postSolution
		{C97407E2-3B63-4878-9DD2-CE1E9ABD8D6C}.Debug|Any CPU.ActiveCfg = Debug|Any CPU
		{C97407E2-3B63-4878-9DD2-CE1E9ABD8D6C}.Debug|Any CPU.Build.0 = Debug|Any CPU
		{C97407E2-3B63-4878-9DD2-CE1E9ABD8D6C}.Release|Any CPU.ActiveCfg = Release|Any CPU
		{C97407E2-3B63-4878-9DD2-CE1E9ABD8D6C}.Release|Any CPU.Build.0 = Release|Any CPU
	EndGlobalSection
	GlobalSection(SolutionProperties) = preSolution
		HideSolutionNode = FALSE
	EndGlobalSection
	GlobalSection(ExtensibilityGlobals) = postSolution
		SolutionGuid = {E3377190-D665-46BB-B0D2-4BC700FE7B98}
	EndGlobalSection
EndGlobal
